
Microsoft Visual Studio Solution File, Format Version 12.00
# Visual Studio 15
VisualStudioVersion = 15.0.27703.2047
MinimumVisualStudioVersion = 10.0.40219.1
Project("{FAE04EC0-301F-11D3-BF4B-00C04F79EFBC}") = "BerskshireAPI", "API_Scratcher\BerskshireAPI.csproj", "{98C0EFBD-CFE9-4CC2-BA25-FD19E7154E97}"
EndProject
Project("{FAE04EC0-301F-11D3-BF4B-00C04F79EFBC}") = "UnitTesterDemo", "UnitTesterDemo\UnitTesterDemo.csproj", "{5924C775-13D6-436E-8CAF-D10205381220}"
EndProject
Global
	GlobalSection(SolutionConfigurationPlatforms) = preSolution
		Debug|Any CPU = Debug|Any CPU
		Release|Any CPU = Release|Any CPU
	EndGlobalSection
	GlobalSection(ProjectConfigurationPlatforms) = postSolution
		{98C0EFBD-CFE9-4CC2-BA25-FD19E7154E97}.Debug|Any CPU.ActiveCfg = Debug|Any CPU
		{98C0EFBD-CFE9-4CC2-BA25-FD19E7154E97}.Debug|Any CPU.Build.0 = Debug|Any CPU
		{98C0EFBD-CFE9-4CC2-BA25-FD19E7154E97}.Release|Any CPU.ActiveCfg = Release|Any CPU
		{98C0EFBD-CFE9-4CC2-BA25-FD19E7154E97}.Release|Any CPU.Build.0 = Release|Any CPU
		{5924C775-13D6-436E-8CAF-D10205381220}.Debug|Any CPU.ActiveCfg = Debug|Any CPU
		{5924C775-13D6-436E-8CAF-D10205381220}.Debug|Any CPU.Build.0 = Debug|Any CPU
		{5924C775-13D6-436E-8CAF-D10205381220}.Release|Any CPU.ActiveCfg = Release|Any CPU
		{5924C775-13D6-436E-8CAF-D10205381220}.Release|Any CPU.Build.0 = Release|Any CPU
	EndGlobalSection
	GlobalSection(SolutionProperties) = preSolution
		HideSolutionNode = FALSE
	EndGlobalSection
	GlobalSection(ExtensibilityGlobals) = postSolution
		SolutionGuid = {0A655D8E-691F-493F-8AB1-9A8FA36E9504}
	EndGlobalSection
EndGlobal
